// !$*UTF8*$!
{
	archiveVersion = 1;
	classes = {
	};
	objectVersion = 48;
	objects = {

/* Begin PBXBuildFile section */
		5D5BE4BF20D7A0F200EA7F30 /* Cocoa.framework in Frameworks */ = {isa = PBXBuildFile; fileRef = 5D5BE4BE20D7A0F200EA7F30 /* Cocoa.framework */; };
		5D5BE4C220D7A0F200EA7F30 /* SafariExtensionHandler.swift in Sources */ = {isa = PBXBuildFile; fileRef = 5D5BE4C120D7A0F200EA7F30 /* SafariExtensionHandler.swift */; };
		5D5BE4C420D7A0F200EA7F30 /* SafariExtensionViewController.swift in Sources */ = {isa = PBXBuildFile; fileRef = 5D5BE4C320D7A0F200EA7F30 /* SafariExtensionViewController.swift */; };
		5D5BE4C720D7A0F200EA7F30 /* SafariExtensionViewController.xib in Resources */ = {isa = PBXBuildFile; fileRef = 5D5BE4C520D7A0F200EA7F30 /* SafariExtensionViewController.xib */; };
		5D5BE4CA20D7A0F200EA7F30 /* script.js in Resources */ = {isa = PBXBuildFile; fileRef = 5D5BE4C920D7A0F200EA7F30 /* script.js */; };
		5D5BE4CC20D7A0F200EA7F30 /* ToolbarItemIcon.pdf in Resources */ = {isa = PBXBuildFile; fileRef = 5D5BE4CB20D7A0F200EA7F30 /* ToolbarItemIcon.pdf */; };
/* End PBXBuildFile section */

/* Begin PBXFileReference section */
		5D5BE4BB20D7A0F200EA7F30 /* IMAREX.appex */ = {isa = PBXFileReference; explicitFileType = "wrapper.app-extension"; includeInIndex = 0; path = IMAREX.appex; sourceTree = BUILT_PRODUCTS_DIR; };
		5D5BE4BE20D7A0F200EA7F30 /* Cocoa.framework */ = {isa = PBXFileReference; lastKnownFileType = wrapper.framework; name = Cocoa.framework; path = System/Library/Frameworks/Cocoa.framework; sourceTree = SDKROOT; };
		5D5BE4C120D7A0F200EA7F30 /* SafariExtensionHandler.swift */ = {isa = PBXFileReference; lastKnownFileType = sourcecode.swift; path = SafariExtensionHandler.swift; sourceTree = "<group>"; };
		5D5BE4C320D7A0F200EA7F30 /* SafariExtensionViewController.swift */ = {isa = PBXFileReference; lastKnownFileType = sourcecode.swift; path = SafariExtensionViewController.swift; sourceTree = "<group>"; };
		5D5BE4C620D7A0F200EA7F30 /* Base */ = {isa = PBXFileReference; lastKnownFileType = file.xib; name = Base; path = Base.lproj/SafariExtensionViewController.xib; sourceTree = "<group>"; };
		5D5BE4C820D7A0F200EA7F30 /* Info.plist */ = {isa = PBXFileReference; lastKnownFileType = text.plist.xml; path = Info.plist; sourceTree = "<group>"; };
		5D5BE4C920D7A0F200EA7F30 /* script.js */ = {isa = PBXFileReference; lastKnownFileType = sourcecode.javascript; path = script.js; sourceTree = "<group>"; };
		5D5BE4CB20D7A0F200EA7F30 /* ToolbarItemIcon.pdf */ = {isa = PBXFileReference; lastKnownFileType = image.pdf; path = ToolbarItemIcon.pdf; sourceTree = "<group>"; };
		5D5BE4CD20D7A0F200EA7F30 /* IMAREX.entitlements */ = {isa = PBXFileReference; lastKnownFileType = text.plist.entitlements; path = IMAREX.entitlements; sourceTree = "<group>"; };
/* End PBXFileReference section */

/* Begin PBXFrameworksBuildPhase section */
		5D5BE4B820D7A0F200EA7F30 /* Frameworks */ = {
			isa = PBXFrameworksBuildPhase;
			buildActionMask = 2147483647;
			files = (
				5D5BE4BF20D7A0F200EA7F30 /* Cocoa.framework in Frameworks */,
			);
			runOnlyForDeploymentPostprocessing = 0;
		};
/* End PBXFrameworksBuildPhase section */

/* Begin PBXGroup section */
		5D5BE4B020D7A09900EA7F30 = {
			isa = PBXGroup;
			children = (
				5D5BE4C020D7A0F200EA7F30 /* IMAREX */,
				5D5BE4BD20D7A0F200EA7F30 /* Frameworks */,
				5D5BE4BC20D7A0F200EA7F30 /* Products */,
			);
			sourceTree = "<group>";
		};
		5D5BE4BC20D7A0F200EA7F30 /* Products */ = {
			isa = PBXGroup;
			children = (
				5D5BE4BB20D7A0F200EA7F30 /* IMAREX.appex */,
			);
			name = Products;
			sourceTree = "<group>";
		};
		5D5BE4BD20D7A0F200EA7F30 /* Frameworks */ = {
			isa = PBXGroup;
			children = (
				5D5BE4BE20D7A0F200EA7F30 /* Cocoa.framework */,
			);
			name = Frameworks;
			sourceTree = "<group>";
		};
		5D5BE4C020D7A0F200EA7F30 /* IMAREX */ = {
			isa = PBXGroup;
			children = (
				5D5BE4C120D7A0F200EA7F30 /* SafariExtensionHandler.swift */,
				5D5BE4C320D7A0F200EA7F30 /* SafariExtensionViewController.swift */,
				5D5BE4C520D7A0F200EA7F30 /* SafariExtensionViewController.xib */,
				5D5BE4C820D7A0F200EA7F30 /* Info.plist */,
				5D5BE4C920D7A0F200EA7F30 /* script.js */,
				5D5BE4CB20D7A0F200EA7F30 /* ToolbarItemIcon.pdf */,
				5D5BE4CD20D7A0F200EA7F30 /* IMAREX.entitlements */,
			);
			path = IMAREX;
			sourceTree = "<group>";
		};
/* End PBXGroup section */

/* Begin PBXNativeTarget section */
		5D5BE4BA20D7A0F200EA7F30 /* IMAREX */ = {
			isa = PBXNativeTarget;
			buildConfigurationList = 5D5BE4CE20D7A0F200EA7F30 /* Build configuration list for PBXNativeTarget "IMAREX" */;
			buildPhases = (
				5D5BE4B720D7A0F200EA7F30 /* Sources */,
				5D5BE4B820D7A0F200EA7F30 /* Frameworks */,
				5D5BE4B920D7A0F200EA7F30 /* Resources */,
			);
			buildRules = (
			);
			dependencies = (
			);
			name = IMAREX;
			productName = IMAREX;
			productReference = 5D5BE4BB20D7A0F200EA7F30 /* IMAREX.appex */;
			productType = "com.apple.product-type.app-extension";
		};
/* End PBXNativeTarget section */

/* Begin PBXProject section */
		5D5BE4B120D7A09900EA7F30 /* Project object */ = {
			isa = PBXProject;
			attributes = {
				LastSwiftUpdateCheck = 0900;
				LastUpgradeCheck = 0900;
				TargetAttributes = {
					5D5BE4BA20D7A0F200EA7F30 = {
						CreatedOnToolsVersion = 9.0.1;
						ProvisioningStyle = Automatic;
					};
				};
			};
			buildConfigurationList = 5D5BE4B420D7A09900EA7F30 /* Build configuration list for PBXProject "IMAREX" */;
			compatibilityVersion = "Xcode 8.0";
			developmentRegion = en;
			hasScannedForEncodings = 0;
			knownRegions = (
				en,
				Base,
			);
			mainGroup = 5D5BE4B020D7A09900EA7F30;
			productRefGroup = 5D5BE4BC20D7A0F200EA7F30 /* Products */;
			projectDirPath = "";
			projectRoot = "";
			targets = (
				5D5BE4BA20D7A0F200EA7F30 /* IMAREX */,
			);
		};
/* End PBXProject section */

/* Begin PBXResourcesBuildPhase section */
		5D5BE4B920D7A0F200EA7F30 /* Resources */ = {
			isa = PBXResourcesBuildPhase;
			buildActionMask = 2147483647;
			files = (
				5D5BE4CC20D7A0F200EA7F30 /* ToolbarItemIcon.pdf in Resources */,
				5D5BE4C720D7A0F200EA7F30 /* SafariExtensionViewController.xib in Resources */,
				5D5BE4CA20D7A0F200EA7F30 /* script.js in Resources */,
			);
			runOnlyForDeploymentPostprocessing = 0;
		};
/* End PBXResourcesBuildPhase section */

/* Begin PBXSourcesBuildPhase section */
		5D5BE4B720D7A0F200EA7F30 /* Sources */ = {
			isa = PBXSourcesBuildPhase;
			buildActionMask = 2147483647;
			files = (
				5D5BE4C420D7A0F200EA7F30 /* SafariExtensionViewController.swift in Sources */,
				5D5BE4C220D7A0F200EA7F30 /* SafariExtensionHandler.swift in Sources */,
			);
			runOnlyForDeploymentPostprocessing = 0;
		};
/* End PBXSourcesBuildPhase section */

/* Begin PBXVariantGroup section */
		5D5BE4C520D7A0F200EA7F30 /* SafariExtensionViewController.xib */ = {
			isa = PBXVariantGroup;
			children = (
				5D5BE4C620D7A0F200EA7F30 /* Base */,
			);
			name = SafariExtensionViewController.xib;
			sourceTree = "<group>";
		};
/* End PBXVariantGroup section */

/* Begin XCBuildConfiguration section */
		5D5BE4B520D7A09900EA7F30 /* Debug */ = {
			isa = XCBuildConfiguration;
			buildSettings = {
			};
			name = Debug;
		};
		5D5BE4B620D7A09900EA7F30 /* Release */ = {
			isa = XCBuildConfiguration;
			buildSettings = {
			};
			name = Release;
		};
		5D5BE4CF20D7A0F200EA7F30 /* Debug */ = {
			isa = XCBuildConfiguration;
			buildSettings = {
				ALWAYS_SEARCH_USER_PATHS = NO;
				CLANG_ANALYZER_NONNULL = YES;
				CLANG_ANALYZER_NUMBER_OBJECT_CONVERSION = YES_AGGRESSIVE;
				CLANG_CXX_LANGUAGE_STANDARD = "gnu++14";
				CLANG_CXX_LIBRARY = "libc++";
				CLANG_ENABLE_MODULES = YES;
				CLANG_ENABLE_OBJC_ARC = YES;
				CLANG_WARN_BLOCK_CAPTURE_AUTORELEASING = YES;
				CLANG_WARN_BOOL_CONVERSION = YES;
				CLANG_WARN_COMMA = YES;
				CLANG_WARN_CONSTANT_CONVERSION = YES;
				CLANG_WARN_DIRECT_OBJC_ISA_USAGE = YES_ERROR;
				CLANG_WARN_DOCUMENTATION_COMMENTS = YES;
				CLANG_WARN_EMPTY_BODY = YES;
				CLANG_WARN_ENUM_CONVERSION = YES;
				CLANG_WARN_INFINITE_RECURSION = YES;
				CLANG_WARN_INT_CONVERSION = YES;
				CLANG_WARN_NON_LITERAL_NULL_CONVERSION = YES;
				CLANG_WARN_OBJC_LITERAL_CONVERSION = YES;
				CLANG_WARN_OBJC_ROOT_CLASS = YES_ERROR;
				CLANG_WARN_RANGE_LOOP_ANALYSIS = YES;
				CLANG_WARN_STRICT_PROTOTYPES = YES;
				CLANG_WARN_SUSPICIOUS_MOVE = YES;
				CLANG_WARN_UNGUARDED_AVAILABILITY = YES_AGGRESSIVE;
				CLANG_WARN_UNREACHABLE_CODE = YES;
				CLANG_WARN__DUPLICATE_METHOD_MATCH = YES;
				CODE_SIGN_ENTITLEMENTS = IMAREX/IMAREX.entitlements;
				CODE_SIGN_IDENTITY = "-";
				CODE_SIGN_STYLE = Automatic;
				COPY_PHASE_STRIP = NO;
				DEBUG_INFORMATION_FORMAT = dwarf;
				ENABLE_STRICT_OBJC_MSGSEND = YES;
				ENABLE_TESTABILITY = YES;
				GCC_C_LANGUAGE_STANDARD = gnu11;
				GCC_DYNAMIC_NO_PIC = NO;
				GCC_NO_COMMON_BLOCKS = YES;
				GCC_OPTIMIZATION_LEVEL = 0;
				GCC_PREPROCESSOR_DEFINITIONS = (
					"DEBUG=1",
					"$(inherited)",
				);
				GCC_WARN_64_TO_32_BIT_CONVERSION = YES;
				GCC_WARN_ABOUT_RETURN_TYPE = YES_ERROR;
				GCC_WARN_UNDECLARED_SELECTOR = YES;
				GCC_WARN_UNINITIALIZED_AUTOS = YES_AGGRESSIVE;
				GCC_WARN_UNUSED_FUNCTION = YES;
				GCC_WARN_UNUSED_VARIABLE = YES;
				INFOPLIST_FILE = IMAREX/Info.plist;
				LD_RUNPATH_SEARCH_PATHS = "$(inherited) @executable_path/../Frameworks @executable_path/../../../../Frameworks";
				MACOSX_DEPLOYMENT_TARGET = 10.13;
				MTL_ENABLE_DEBUG_INFO = YES;
				ONLY_ACTIVE_ARCH = YES;
				PRODUCT_BUNDLE_IDENTIFIER = INFOnline.IMAREX;
				PRODUCT_NAME = "$(TARGET_NAME)";
				SDKROOT = macosx;
				SKIP_INSTALL = YES;
				SWIFT_ACTIVE_COMPILATION_CONDITIONS = DEBUG;
				SWIFT_OPTIMIZATION_LEVEL = "-Onone";
				SWIFT_VERSION = 4.0;
			};
			name = Debug;
		};
		5D5BE4D020D7A0F200EA7F30 /* Release */ = {
			isa = XCBuildConfiguration;
			buildSettings = {
				ALWAYS_SEARCH_USER_PATHS = NO;
				CLANG_ANALYZER_NONNULL = YES;
				CLANG_ANALYZER_NUMBER_OBJECT_CONVERSION = YES_AGGRESSIVE;
				CLANG_CXX_LANGUAGE_STANDARD = "gnu++14";
				CLANG_CXX_LIBRARY = "libc++";
				CLANG_ENABLE_MODULES = YES;
				CLANG_ENABLE_OBJC_ARC = YES;
				CLANG_WARN_BLOCK_CAPTURE_AUTORELEASING = YES;
				CLANG_WARN_BOOL_CONVERSION = YES;
				CLANG_WARN_COMMA = YES;
				CLANG_WARN_CONSTANT_CONVERSION = YES;
				CLANG_WARN_DIRECT_OBJC_ISA_USAGE = YES_ERROR;
				CLANG_WARN_DOCUMENTATION_COMMENTS = YES;
				CLANG_WARN_EMPTY_BODY = YES;
				CLANG_WARN_ENUM_CONVERSION = YES;
				CLANG_WARN_INFINITE_RECURSION = YES;
				CLANG_WARN_INT_CONVERSION = YES;
				CLANG_WARN_NON_LITERAL_NULL_CONVERSION = YES;
				CLANG_WARN_OBJC_LITERAL_CONVERSION = YES;
				CLANG_WARN_OBJC_ROOT_CLASS = YES_ERROR;
				CLANG_WARN_RANGE_LOOP_ANALYSIS = YES;
				CLANG_WARN_STRICT_PROTOTYPES = YES;
				CLANG_WARN_SUSPICIOUS_MOVE = YES;
				CLANG_WARN_UNGUARDED_AVAILABILITY = YES_AGGRESSIVE;
				CLANG_WARN_UNREACHABLE_CODE = YES;
				CLANG_WARN__DUPLICATE_METHOD_MATCH = YES;
				CODE_SIGN_ENTITLEMENTS = IMAREX/IMAREX.entitlements;
				CODE_SIGN_IDENTITY = "-";
				CODE_SIGN_STYLE = Automatic;
				COPY_PHASE_STRIP = NO;
				DEBUG_INFORMATION_FORMAT = "dwarf-with-dsym";
				ENABLE_NS_ASSERTIONS = NO;
				ENABLE_STRICT_OBJC_MSGSEND = YES;
				GCC_C_LANGUAGE_STANDARD = gnu11;
				GCC_NO_COMMON_BLOCKS = YES;
				GCC_WARN_64_TO_32_BIT_CONVERSION = YES;
				GCC_WARN_ABOUT_RETURN_TYPE = YES_ERROR;
				GCC_WARN_UNDECLARED_SELECTOR = YES;
				GCC_WARN_UNINITIALIZED_AUTOS = YES_AGGRESSIVE;
				GCC_WARN_UNUSED_FUNCTION = YES;
				GCC_WARN_UNUSED_VARIABLE = YES;
				INFOPLIST_FILE = IMAREX/Info.plist;
				LD_RUNPATH_SEARCH_PATHS = "$(inherited) @executable_path/../Frameworks @executable_path/../../../../Frameworks";
				MACOSX_DEPLOYMENT_TARGET = 10.13;
				MTL_ENABLE_DEBUG_INFO = NO;
				PRODUCT_BUNDLE_IDENTIFIER = INFOnline.IMAREX;
				PRODUCT_NAME = "$(TARGET_NAME)";
				SDKROOT = macosx;
				SKIP_INSTALL = YES;
				SWIFT_OPTIMIZATION_LEVEL = "-Owholemodule";
				SWIFT_VERSION = 4.0;
			};
			name = Release;
		};
/* End XCBuildConfiguration section */

/* Begin XCConfigurationList section */
		5D5BE4B420D7A09900EA7F30 /* Build configuration list for PBXProject "IMAREX" */ = {
			isa = XCConfigurationList;
			buildConfigurations = (
				5D5BE4B520D7A09900EA7F30 /* Debug */,
				5D5BE4B620D7A09900EA7F30 /* Release */,
			);
			defaultConfigurationIsVisible = 0;
			defaultConfigurationName = Debug;
		};
		5D5BE4CE20D7A0F200EA7F30 /* Build configuration list for PBXNativeTarget "IMAREX" */ = {
			isa = XCConfigurationList;
			buildConfigurations = (
				5D5BE4CF20D7A0F200EA7F30 /* Debug */,
				5D5BE4D020D7A0F200EA7F30 /* Release */,
			);
			defaultConfigurationIsVisible = 0;
			defaultConfigurationName = Debug;
		};
/* End XCConfigurationList section */
	};
	rootObject = 5D5BE4B120D7A09900EA7F30 /* Project object */;
}
