// !$*UTF8*$!
{
	archiveVersion = 1;
	classes = {
	};
	objectVersion = 48;
	objects = {

/* Begin PBXBuildFile section */
		5DB357FD20DB8EBB000CA7F4 /* Images.xcassets in Resources */ = {isa = PBXBuildFile; fileRef = 5DB357FC20DB8EBB000CA7F4 /* Images.xcassets */; };
		5DF05F9120D9360B0036FFD5 /* AppDelegate.swift in Sources */ = {isa = PBXBuildFile; fileRef = 5DF05F9020D9360B0036FFD5 /* AppDelegate.swift */; };
		5DF05F9320D9360B0036FFD5 /* ViewController.swift in Sources */ = {isa = PBXBuildFile; fileRef = 5DF05F9220D9360B0036FFD5 /* ViewController.swift */; };
		5DF05F9520D9360B0036FFD5 /* Assets.xcassets in Resources */ = {isa = PBXBuildFile; fileRef = 5DF05F9420D9360B0036FFD5 /* Assets.xcassets */; };
		5DF05F9820D9360B0036FFD5 /* Main.storyboard in Resources */ = {isa = PBXBuildFile; fileRef = 5DF05F9620D9360B0036FFD5 /* Main.storyboard */; };
		5DF05FA420D9360B0036FFD5 /* IAMTests.swift in Sources */ = {isa = PBXBuildFile; fileRef = 5DF05FA320D9360B0036FFD5 /* IAMTests.swift */; };
		5DF05FAF20D9360B0036FFD5 /* IAMUITests.swift in Sources */ = {isa = PBXBuildFile; fileRef = 5DF05FAE20D9360B0036FFD5 /* IAMUITests.swift */; };
		5DF05FC320D936210036FFD5 /* Cocoa.framework in Frameworks */ = {isa = PBXBuildFile; fileRef = 5DF05FC220D936210036FFD5 /* Cocoa.framework */; };
		5DF05FC620D936210036FFD5 /* SafariExtensionHandler.swift in Sources */ = {isa = PBXBuildFile; fileRef = 5DF05FC520D936210036FFD5 /* SafariExtensionHandler.swift */; };
		5DF05FCB20D936210036FFD5 /* SafariExtensionViewController.xib in Resources */ = {isa = PBXBuildFile; fileRef = 5DF05FC920D936210036FFD5 /* SafariExtensionViewController.xib */; };
		5DF05FD420D936210036FFD5 /* IMAREX.appex in Embed App Extensions */ = {isa = PBXBuildFile; fileRef = 5DF05FC020D936210036FFD5 /* IMAREX.appex */; settings = {ATTRIBUTES = (RemoveHeadersOnCopy, ); }; };
		5DF122F420E39F620058DBEB /* content.js in Resources */ = {isa = PBXBuildFile; fileRef = 5DF122F320E39F620058DBEB /* content.js */; };
/* End PBXBuildFile section */

/* Begin PBXContainerItemProxy section */
		5DF05FA020D9360B0036FFD5 /* PBXContainerItemProxy */ = {
			isa = PBXContainerItemProxy;
			containerPortal = 5DF05F8520D9360B0036FFD5 /* Project object */;
			proxyType = 1;
			remoteGlobalIDString = 5DF05F8C20D9360B0036FFD5;
			remoteInfo = IAM;
		};
		5DF05FAB20D9360B0036FFD5 /* PBXContainerItemProxy */ = {
			isa = PBXContainerItemProxy;
			containerPortal = 5DF05F8520D9360B0036FFD5 /* Project object */;
			proxyType = 1;
			remoteGlobalIDString = 5DF05F8C20D9360B0036FFD5;
			remoteInfo = IAM;
		};
		5DF05FD220D936210036FFD5 /* PBXContainerItemProxy */ = {
			isa = PBXContainerItemProxy;
			containerPortal = 5DF05F8520D9360B0036FFD5 /* Project object */;
			proxyType = 1;
			remoteGlobalIDString = 5DF05FBF20D936210036FFD5;
			remoteInfo = IMAREX;
		};
/* End PBXContainerItemProxy section */

/* Begin PBXCopyFilesBuildPhase section */
		5DF05FD820D936210036FFD5 /* Embed App Extensions */ = {
			isa = PBXCopyFilesBuildPhase;
			buildActionMask = 2147483647;
			dstPath = "";
			dstSubfolderSpec = 13;
			files = (
				5DF05FD420D936210036FFD5 /* IMAREX.appex in Embed App Extensions */,
			);
			name = "Embed App Extensions";
			runOnlyForDeploymentPostprocessing = 0;
		};
/* End PBXCopyFilesBuildPhase section */

/* Begin PBXFileReference section */
		5DB357FC20DB8EBB000CA7F4 /* Images.xcassets */ = {isa = PBXFileReference; lastKnownFileType = folder.assetcatalog; path = Images.xcassets; sourceTree = "<group>"; };
		5DF05F8D20D9360B0036FFD5 /* IAM.app */ = {isa = PBXFileReference; explicitFileType = wrapper.application; includeInIndex = 0; path = IAM.app; sourceTree = BUILT_PRODUCTS_DIR; };
		5DF05F9020D9360B0036FFD5 /* AppDelegate.swift */ = {isa = PBXFileReference; lastKnownFileType = sourcecode.swift; path = AppDelegate.swift; sourceTree = "<group>"; };
		5DF05F9220D9360B0036FFD5 /* ViewController.swift */ = {isa = PBXFileReference; lastKnownFileType = sourcecode.swift; path = ViewController.swift; sourceTree = "<group>"; };
		5DF05F9420D9360B0036FFD5 /* Assets.xcassets */ = {isa = PBXFileReference; lastKnownFileType = folder.assetcatalog; path = Assets.xcassets; sourceTree = "<group>"; };
		5DF05F9720D9360B0036FFD5 /* Base */ = {isa = PBXFileReference; lastKnownFileType = file.storyboard; name = Base; path = Base.lproj/Main.storyboard; sourceTree = "<group>"; };
		5DF05F9920D9360B0036FFD5 /* Info.plist */ = {isa = PBXFileReference; lastKnownFileType = text.plist.xml; path = Info.plist; sourceTree = "<group>"; };
		5DF05F9A20D9360B0036FFD5 /* IAM.entitlements */ = {isa = PBXFileReference; lastKnownFileType = text.plist.entitlements; path = IAM.entitlements; sourceTree = "<group>"; };
		5DF05F9F20D9360B0036FFD5 /* IAMTests.xctest */ = {isa = PBXFileReference; explicitFileType = wrapper.cfbundle; includeInIndex = 0; path = IAMTests.xctest; sourceTree = BUILT_PRODUCTS_DIR; };
		5DF05FA320D9360B0036FFD5 /* IAMTests.swift */ = {isa = PBXFileReference; lastKnownFileType = sourcecode.swift; path = IAMTests.swift; sourceTree = "<group>"; };
		5DF05FA520D9360B0036FFD5 /* Info.plist */ = {isa = PBXFileReference; lastKnownFileType = text.plist.xml; path = Info.plist; sourceTree = "<group>"; };
		5DF05FAA20D9360B0036FFD5 /* IAMUITests.xctest */ = {isa = PBXFileReference; explicitFileType = wrapper.cfbundle; includeInIndex = 0; path = IAMUITests.xctest; sourceTree = BUILT_PRODUCTS_DIR; };
		5DF05FAE20D9360B0036FFD5 /* IAMUITests.swift */ = {isa = PBXFileReference; lastKnownFileType = sourcecode.swift; path = IAMUITests.swift; sourceTree = "<group>"; };
		5DF05FB020D9360B0036FFD5 /* Info.plist */ = {isa = PBXFileReference; lastKnownFileType = text.plist.xml; path = Info.plist; sourceTree = "<group>"; };
		5DF05FC020D936210036FFD5 /* IMAREX.appex */ = {isa = PBXFileReference; explicitFileType = "wrapper.app-extension"; includeInIndex = 0; path = IMAREX.appex; sourceTree = BUILT_PRODUCTS_DIR; };
		5DF05FC220D936210036FFD5 /* Cocoa.framework */ = {isa = PBXFileReference; lastKnownFileType = wrapper.framework; name = Cocoa.framework; path = System/Library/Frameworks/Cocoa.framework; sourceTree = SDKROOT; };
		5DF05FC520D936210036FFD5 /* SafariExtensionHandler.swift */ = {isa = PBXFileReference; fileEncoding = 4; indentWidth = 2; lastKnownFileType = sourcecode.swift; lineEnding = 0; path = SafariExtensionHandler.swift; sourceTree = "<group>"; tabWidth = 2; };
		5DF05FCA20D936210036FFD5 /* Base */ = {isa = PBXFileReference; lastKnownFileType = file.xib; name = Base; path = Base.lproj/SafariExtensionViewController.xib; sourceTree = "<group>"; };
		5DF05FCC20D936210036FFD5 /* Info.plist */ = {isa = PBXFileReference; lastKnownFileType = text.plist.xml; path = Info.plist; sourceTree = "<group>"; };
		5DF05FD120D936210036FFD5 /* IMAREX.entitlements */ = {isa = PBXFileReference; lastKnownFileType = text.plist.entitlements; path = IMAREX.entitlements; sourceTree = "<group>"; };
		5DF122F320E39F620058DBEB /* content.js */ = {isa = PBXFileReference; fileEncoding = 4; lastKnownFileType = sourcecode.javascript; path = content.js; sourceTree = "<group>"; };
/* End PBXFileReference section */

/* Begin PBXFrameworksBuildPhase section */
		5DF05F8A20D9360B0036FFD5 /* Frameworks */ = {
			isa = PBXFrameworksBuildPhase;
			buildActionMask = 2147483647;
			files = (
			);
			runOnlyForDeploymentPostprocessing = 0;
		};
		5DF05F9C20D9360B0036FFD5 /* Frameworks */ = {
			isa = PBXFrameworksBuildPhase;
			buildActionMask = 2147483647;
			files = (
			);
			runOnlyForDeploymentPostprocessing = 0;
		};
		5DF05FA720D9360B0036FFD5 /* Frameworks */ = {
			isa = PBXFrameworksBuildPhase;
			buildActionMask = 2147483647;
			files = (
			);
			runOnlyForDeploymentPostprocessing = 0;
		};
		5DF05FBD20D936210036FFD5 /* Frameworks */ = {
			isa = PBXFrameworksBuildPhase;
			buildActionMask = 2147483647;
			files = (
				5DF05FC320D936210036FFD5 /* Cocoa.framework in Frameworks */,
			);
			runOnlyForDeploymentPostprocessing = 0;
		};
/* End PBXFrameworksBuildPhase section */

/* Begin PBXGroup section */
		5DF05F8420D9360B0036FFD5 = {
			isa = PBXGroup;
			children = (
				5DF05F8F20D9360B0036FFD5 /* IAM */,
				5DF05FA220D9360B0036FFD5 /* IAMTests */,
				5DF05FAD20D9360B0036FFD5 /* IAMUITests */,
				5DF05FC420D936210036FFD5 /* IMAREX */,
				5DF05FC120D936210036FFD5 /* Frameworks */,
				5DF05F8E20D9360B0036FFD5 /* Products */,
			);
			sourceTree = "<group>";
		};
		5DF05F8E20D9360B0036FFD5 /* Products */ = {
			isa = PBXGroup;
			children = (
				5DF05F8D20D9360B0036FFD5 /* IAM.app */,
				5DF05F9F20D9360B0036FFD5 /* IAMTests.xctest */,
				5DF05FAA20D9360B0036FFD5 /* IAMUITests.xctest */,
				5DF05FC020D936210036FFD5 /* IMAREX.appex */,
			);
			name = Products;
			sourceTree = "<group>";
		};
		5DF05F8F20D9360B0036FFD5 /* IAM */ = {
			isa = PBXGroup;
			children = (
				5DF05F9020D9360B0036FFD5 /* AppDelegate.swift */,
				5DF05F9220D9360B0036FFD5 /* ViewController.swift */,
				5DF05F9420D9360B0036FFD5 /* Assets.xcassets */,
				5DF05F9620D9360B0036FFD5 /* Main.storyboard */,
				5DF05F9920D9360B0036FFD5 /* Info.plist */,
				5DF05F9A20D9360B0036FFD5 /* IAM.entitlements */,
			);
			path = IAM;
			sourceTree = "<group>";
		};
		5DF05FA220D9360B0036FFD5 /* IAMTests */ = {
			isa = PBXGroup;
			children = (
				5DF05FA320D9360B0036FFD5 /* IAMTests.swift */,
				5DF05FA520D9360B0036FFD5 /* Info.plist */,
			);
			path = IAMTests;
			sourceTree = "<group>";
		};
		5DF05FAD20D9360B0036FFD5 /* IAMUITests */ = {
			isa = PBXGroup;
			children = (
				5DF05FAE20D9360B0036FFD5 /* IAMUITests.swift */,
				5DF05FB020D9360B0036FFD5 /* Info.plist */,
			);
			path = IAMUITests;
			sourceTree = "<group>";
		};
		5DF05FC120D936210036FFD5 /* Frameworks */ = {
			isa = PBXGroup;
			children = (
				5DF05FC220D936210036FFD5 /* Cocoa.framework */,
			);
			name = Frameworks;
			sourceTree = "<group>";
		};
		5DF05FC420D936210036FFD5 /* IMAREX */ = {
			isa = PBXGroup;
			children = (
				5DF122F320E39F620058DBEB /* content.js */,
				5DF05FC520D936210036FFD5 /* SafariExtensionHandler.swift */,
				5DF05FC920D936210036FFD5 /* SafariExtensionViewController.xib */,
				5DF05FCC20D936210036FFD5 /* Info.plist */,
				5DF05FD120D936210036FFD5 /* IMAREX.entitlements */,
				5DB357FC20DB8EBB000CA7F4 /* Images.xcassets */,
			);
			path = IMAREX;
			sourceTree = "<group>";
		};
/* End PBXGroup section */

/* Begin PBXNativeTarget section */
		5DF05F8C20D9360B0036FFD5 /* IAM */ = {
			isa = PBXNativeTarget;
			buildConfigurationList = 5DF05FB320D9360B0036FFD5 /* Build configuration list for PBXNativeTarget "IAM" */;
			buildPhases = (
				5DF05F8920D9360B0036FFD5 /* Sources */,
				5DF05F8A20D9360B0036FFD5 /* Frameworks */,
				5DF05F8B20D9360B0036FFD5 /* Resources */,
				5DF05FD820D936210036FFD5 /* Embed App Extensions */,
			);
			buildRules = (
			);
			dependencies = (
				5DF05FD320D936210036FFD5 /* PBXTargetDependency */,
			);
			name = IAM;
			productName = IAM;
			productReference = 5DF05F8D20D9360B0036FFD5 /* IAM.app */;
			productType = "com.apple.product-type.application";
		};
		5DF05F9E20D9360B0036FFD5 /* IAMTests */ = {
			isa = PBXNativeTarget;
			buildConfigurationList = 5DF05FB620D9360B0036FFD5 /* Build configuration list for PBXNativeTarget "IAMTests" */;
			buildPhases = (
				5DF05F9B20D9360B0036FFD5 /* Sources */,
				5DF05F9C20D9360B0036FFD5 /* Frameworks */,
				5DF05F9D20D9360B0036FFD5 /* Resources */,
			);
			buildRules = (
			);
			dependencies = (
				5DF05FA120D9360B0036FFD5 /* PBXTargetDependency */,
			);
			name = IAMTests;
			productName = IAMTests;
			productReference = 5DF05F9F20D9360B0036FFD5 /* IAMTests.xctest */;
			productType = "com.apple.product-type.bundle.unit-test";
		};
		5DF05FA920D9360B0036FFD5 /* IAMUITests */ = {
			isa = PBXNativeTarget;
			buildConfigurationList = 5DF05FB920D9360B0036FFD5 /* Build configuration list for PBXNativeTarget "IAMUITests" */;
			buildPhases = (
				5DF05FA620D9360B0036FFD5 /* Sources */,
				5DF05FA720D9360B0036FFD5 /* Frameworks */,
				5DF05FA820D9360B0036FFD5 /* Resources */,
			);
			buildRules = (
			);
			dependencies = (
				5DF05FAC20D9360B0036FFD5 /* PBXTargetDependency */,
			);
			name = IAMUITests;
			productName = IAMUITests;
			productReference = 5DF05FAA20D9360B0036FFD5 /* IAMUITests.xctest */;
			productType = "com.apple.product-type.bundle.ui-testing";
		};
		5DF05FBF20D936210036FFD5 /* IMAREX */ = {
			isa = PBXNativeTarget;
			buildConfigurationList = 5DF05FD520D936210036FFD5 /* Build configuration list for PBXNativeTarget "IMAREX" */;
			buildPhases = (
				5DF05FBC20D936210036FFD5 /* Sources */,
				5DF05FBD20D936210036FFD5 /* Frameworks */,
				5DF05FBE20D936210036FFD5 /* Resources */,
			);
			buildRules = (
			);
			dependencies = (
			);
			name = IMAREX;
			productName = IMAREX;
			productReference = 5DF05FC020D936210036FFD5 /* IMAREX.appex */;
			productType = "com.apple.product-type.app-extension";
		};
/* End PBXNativeTarget section */

/* Begin PBXProject section */
		5DF05F8520D9360B0036FFD5 /* Project object */ = {
			isa = PBXProject;
			attributes = {
				LastSwiftUpdateCheck = 0900;
				LastUpgradeCheck = 0900;
				ORGANIZATIONNAME = "INFOnline GmbH";
				TargetAttributes = {
					5DF05F8C20D9360B0036FFD5 = {
						CreatedOnToolsVersion = 9.0.1;
						ProvisioningStyle = Automatic;
						SystemCapabilities = {
							com.apple.ApplicationGroups.Mac = {
								enabled = 1;
							};
						};
					};
					5DF05F9E20D9360B0036FFD5 = {
						CreatedOnToolsVersion = 9.0.1;
						ProvisioningStyle = Automatic;
						TestTargetID = 5DF05F8C20D9360B0036FFD5;
					};
					5DF05FA920D9360B0036FFD5 = {
						CreatedOnToolsVersion = 9.0.1;
						ProvisioningStyle = Automatic;
						TestTargetID = 5DF05F8C20D9360B0036FFD5;
					};
					5DF05FBF20D936210036FFD5 = {
						CreatedOnToolsVersion = 9.0.1;
						ProvisioningStyle = Automatic;
						SystemCapabilities = {
							com.apple.ApplicationGroups.Mac = {
								enabled = 1;
							};
						};
					};
				};
			};
			buildConfigurationList = 5DF05F8820D9360B0036FFD5 /* Build configuration list for PBXProject "IAM" */;
			compatibilityVersion = "Xcode 8.0";
			developmentRegion = en;
			hasScannedForEncodings = 0;
			knownRegions = (
				en,
				Base,
			);
			mainGroup = 5DF05F8420D9360B0036FFD5;
			productRefGroup = 5DF05F8E20D9360B0036FFD5 /* Products */;
			projectDirPath = "";
			projectRoot = "";
			targets = (
				5DF05F8C20D9360B0036FFD5 /* IAM */,
				5DF05F9E20D9360B0036FFD5 /* IAMTests */,
				5DF05FA920D9360B0036FFD5 /* IAMUITests */,
				5DF05FBF20D936210036FFD5 /* IMAREX */,
			);
		};
/* End PBXProject section */

/* Begin PBXResourcesBuildPhase section */
		5DF05F8B20D9360B0036FFD5 /* Resources */ = {
			isa = PBXResourcesBuildPhase;
			buildActionMask = 2147483647;
			files = (
				5DF05F9520D9360B0036FFD5 /* Assets.xcassets in Resources */,
				5DF05F9820D9360B0036FFD5 /* Main.storyboard in Resources */,
			);
			runOnlyForDeploymentPostprocessing = 0;
		};
		5DF05F9D20D9360B0036FFD5 /* Resources */ = {
			isa = PBXResourcesBuildPhase;
			buildActionMask = 2147483647;
			files = (
			);
			runOnlyForDeploymentPostprocessing = 0;
		};
		5DF05FA820D9360B0036FFD5 /* Resources */ = {
			isa = PBXResourcesBuildPhase;
			buildActionMask = 2147483647;
			files = (
			);
			runOnlyForDeploymentPostprocessing = 0;
		};
		5DF05FBE20D936210036FFD5 /* Resources */ = {
			isa = PBXResourcesBuildPhase;
			buildActionMask = 2147483647;
			files = (
				5DF122F420E39F620058DBEB /* content.js in Resources */,
				5DB357FD20DB8EBB000CA7F4 /* Images.xcassets in Resources */,
				5DF05FCB20D936210036FFD5 /* SafariExtensionViewController.xib in Resources */,
			);
			runOnlyForDeploymentPostprocessing = 0;
		};
/* End PBXResourcesBuildPhase section */

/* Begin PBXSourcesBuildPhase section */
		5DF05F8920D9360B0036FFD5 /* Sources */ = {
			isa = PBXSourcesBuildPhase;
			buildActionMask = 2147483647;
			files = (
				5DF05F9320D9360B0036FFD5 /* ViewController.swift in Sources */,
				5DF05F9120D9360B0036FFD5 /* AppDelegate.swift in Sources */,
			);
			runOnlyForDeploymentPostprocessing = 0;
		};
		5DF05F9B20D9360B0036FFD5 /* Sources */ = {
			isa = PBXSourcesBuildPhase;
			buildActionMask = 2147483647;
			files = (
				5DF05FA420D9360B0036FFD5 /* IAMTests.swift in Sources */,
			);
			runOnlyForDeploymentPostprocessing = 0;
		};
		5DF05FA620D9360B0036FFD5 /* Sources */ = {
			isa = PBXSourcesBuildPhase;
			buildActionMask = 2147483647;
			files = (
				5DF05FAF20D9360B0036FFD5 /* IAMUITests.swift in Sources */,
			);
			runOnlyForDeploymentPostprocessing = 0;
		};
		5DF05FBC20D936210036FFD5 /* Sources */ = {
			isa = PBXSourcesBuildPhase;
			buildActionMask = 2147483647;
			files = (
				5DF05FC620D936210036FFD5 /* SafariExtensionHandler.swift in Sources */,
			);
			runOnlyForDeploymentPostprocessing = 0;
		};
/* End PBXSourcesBuildPhase section */

/* Begin PBXTargetDependency section */
		5DF05FA120D9360B0036FFD5 /* PBXTargetDependency */ = {
			isa = PBXTargetDependency;
			target = 5DF05F8C20D9360B0036FFD5 /* IAM */;
			targetProxy = 5DF05FA020D9360B0036FFD5 /* PBXContainerItemProxy */;
		};
		5DF05FAC20D9360B0036FFD5 /* PBXTargetDependency */ = {
			isa = PBXTargetDependency;
			target = 5DF05F8C20D9360B0036FFD5 /* IAM */;
			targetProxy = 5DF05FAB20D9360B0036FFD5 /* PBXContainerItemProxy */;
		};
		5DF05FD320D936210036FFD5 /* PBXTargetDependency */ = {
			isa = PBXTargetDependency;
			target = 5DF05FBF20D936210036FFD5 /* IMAREX */;
			targetProxy = 5DF05FD220D936210036FFD5 /* PBXContainerItemProxy */;
		};
/* End PBXTargetDependency section */

/* Begin PBXVariantGroup section */
		5DF05F9620D9360B0036FFD5 /* Main.storyboard */ = {
			isa = PBXVariantGroup;
			children = (
				5DF05F9720D9360B0036FFD5 /* Base */,
			);
			name = Main.storyboard;
			sourceTree = "<group>";
		};
		5DF05FC920D936210036FFD5 /* SafariExtensionViewController.xib */ = {
			isa = PBXVariantGroup;
			children = (
				5DF05FCA20D936210036FFD5 /* Base */,
			);
			name = SafariExtensionViewController.xib;
			sourceTree = "<group>";
		};
/* End PBXVariantGroup section */

/* Begin XCBuildConfiguration section */
		5DF05FB120D9360B0036FFD5 /* Debug */ = {
			isa = XCBuildConfiguration;
			buildSettings = {
				ALWAYS_SEARCH_USER_PATHS = NO;
				CLANG_ANALYZER_NONNULL = YES;
				CLANG_ANALYZER_NUMBER_OBJECT_CONVERSION = YES_AGGRESSIVE;
				CLANG_CXX_LANGUAGE_STANDARD = "gnu++14";
				CLANG_CXX_LIBRARY = "libc++";
				CLANG_ENABLE_MODULES = YES;
				CLANG_ENABLE_OBJC_ARC = YES;
				CLANG_WARN_BLOCK_CAPTURE_AUTORELEASING = YES;
				CLANG_WARN_BOOL_CONVERSION = YES;
				CLANG_WARN_COMMA = YES;
				CLANG_WARN_CONSTANT_CONVERSION = YES;
				CLANG_WARN_DIRECT_OBJC_ISA_USAGE = YES_ERROR;
				CLANG_WARN_DOCUMENTATION_COMMENTS = YES;
				CLANG_WARN_EMPTY_BODY = YES;
				CLANG_WARN_ENUM_CONVERSION = YES;
				CLANG_WARN_INFINITE_RECURSION = YES;
				CLANG_WARN_INT_CONVERSION = YES;
				CLANG_WARN_NON_LITERAL_NULL_CONVERSION = YES;
				CLANG_WARN_OBJC_LITERAL_CONVERSION = YES;
				CLANG_WARN_OBJC_ROOT_CLASS = YES_ERROR;
				CLANG_WARN_RANGE_LOOP_ANALYSIS = YES;
				CLANG_WARN_STRICT_PROTOTYPES = YES;
				CLANG_WARN_SUSPICIOUS_MOVE = YES;
				CLANG_WARN_UNGUARDED_AVAILABILITY = YES_AGGRESSIVE;
				CLANG_WARN_UNREACHABLE_CODE = YES;
				CLANG_WARN__DUPLICATE_METHOD_MATCH = YES;
				CODE_SIGN_IDENTITY = "Mac Developer";
				COPY_PHASE_STRIP = NO;
				DEBUG_INFORMATION_FORMAT = dwarf;
				ENABLE_STRICT_OBJC_MSGSEND = YES;
				ENABLE_TESTABILITY = YES;
				GCC_C_LANGUAGE_STANDARD = gnu11;
				GCC_DYNAMIC_NO_PIC = NO;
				GCC_NO_COMMON_BLOCKS = YES;
				GCC_OPTIMIZATION_LEVEL = 0;
				GCC_PREPROCESSOR_DEFINITIONS = (
					"DEBUG=1",
					"$(inherited)",
				);
				GCC_WARN_64_TO_32_BIT_CONVERSION = YES;
				GCC_WARN_ABOUT_RETURN_TYPE = YES_ERROR;
				GCC_WARN_UNDECLARED_SELECTOR = YES;
				GCC_WARN_UNINITIALIZED_AUTOS = YES_AGGRESSIVE;
				GCC_WARN_UNUSED_FUNCTION = YES;
				GCC_WARN_UNUSED_VARIABLE = YES;
				MACOSX_DEPLOYMENT_TARGET = 10.13;
				MTL_ENABLE_DEBUG_INFO = YES;
				ONLY_ACTIVE_ARCH = YES;
				SDKROOT = macosx;
				SWIFT_ACTIVE_COMPILATION_CONDITIONS = DEBUG;
				SWIFT_OPTIMIZATION_LEVEL = "-Onone";
			};
			name = Debug;
		};
		5DF05FB220D9360B0036FFD5 /* Release */ = {
			isa = XCBuildConfiguration;
			buildSettings = {
				ALWAYS_SEARCH_USER_PATHS = NO;
				CLANG_ANALYZER_NONNULL = YES;
				CLANG_ANALYZER_NUMBER_OBJECT_CONVERSION = YES_AGGRESSIVE;
				CLANG_CXX_LANGUAGE_STANDARD = "gnu++14";
				CLANG_CXX_LIBRARY = "libc++";
				CLANG_ENABLE_MODULES = YES;
				CLANG_ENABLE_OBJC_ARC = YES;
				CLANG_WARN_BLOCK_CAPTURE_AUTORELEASING = YES;
				CLANG_WARN_BOOL_CONVERSION = YES;
				CLANG_WARN_COMMA = YES;
				CLANG_WARN_CONSTANT_CONVERSION = YES;
				CLANG_WARN_DIRECT_OBJC_ISA_USAGE = YES_ERROR;
				CLANG_WARN_DOCUMENTATION_COMMENTS = YES;
				CLANG_WARN_EMPTY_BODY = YES;
				CLANG_WARN_ENUM_CONVERSION = YES;
				CLANG_WARN_INFINITE_RECURSION = YES;
				CLANG_WARN_INT_CONVERSION = YES;
				CLANG_WARN_NON_LITERAL_NULL_CONVERSION = YES;
				CLANG_WARN_OBJC_LITERAL_CONVERSION = YES;
				CLANG_WARN_OBJC_ROOT_CLASS = YES_ERROR;
				CLANG_WARN_RANGE_LOOP_ANALYSIS = YES;
				CLANG_WARN_STRICT_PROTOTYPES = YES;
				CLANG_WARN_SUSPICIOUS_MOVE = YES;
				CLANG_WARN_UNGUARDED_AVAILABILITY = YES_AGGRESSIVE;
				CLANG_WARN_UNREACHABLE_CODE = YES;
				CLANG_WARN__DUPLICATE_METHOD_MATCH = YES;
				CODE_SIGN_IDENTITY = "Mac Developer";
				COPY_PHASE_STRIP = NO;
				DEBUG_INFORMATION_FORMAT = "dwarf-with-dsym";
				ENABLE_NS_ASSERTIONS = NO;
				ENABLE_STRICT_OBJC_MSGSEND = YES;
				GCC_C_LANGUAGE_STANDARD = gnu11;
				GCC_NO_COMMON_BLOCKS = YES;
				GCC_WARN_64_TO_32_BIT_CONVERSION = YES;
				GCC_WARN_ABOUT_RETURN_TYPE = YES_ERROR;
				GCC_WARN_UNDECLARED_SELECTOR = YES;
				GCC_WARN_UNINITIALIZED_AUTOS = YES_AGGRESSIVE;
				GCC_WARN_UNUSED_FUNCTION = YES;
				GCC_WARN_UNUSED_VARIABLE = YES;
				MACOSX_DEPLOYMENT_TARGET = 10.13;
				MTL_ENABLE_DEBUG_INFO = NO;
				SDKROOT = macosx;
				SWIFT_OPTIMIZATION_LEVEL = "-Owholemodule";
			};
			name = Release;
		};
		5DF05FB420D9360B0036FFD5 /* Debug */ = {
			isa = XCBuildConfiguration;
			buildSettings = {
				ALWAYS_EMBED_SWIFT_STANDARD_LIBRARIES = YES;
				ASSETCATALOG_COMPILER_APPICON_NAME = AppIcon;
				CODE_SIGN_ENTITLEMENTS = IAM/IAM.entitlements;
				CODE_SIGN_STYLE = Automatic;
				COMBINE_HIDPI_IMAGES = YES;
				DEVELOPMENT_TEAM = 5FA5B56AXE;
				INFOPLIST_FILE = IAM/Info.plist;
				LD_RUNPATH_SEARCH_PATHS = "$(inherited) @executable_path/../Frameworks";
				PRODUCT_BUNDLE_IDENTIFIER = INFOnline.IAM;
				PRODUCT_NAME = "$(TARGET_NAME)";
				SWIFT_VERSION = 4.0;
			};
			name = Debug;
		};
		5DF05FB520D9360B0036FFD5 /* Release */ = {
			isa = XCBuildConfiguration;
			buildSettings = {
				ALWAYS_EMBED_SWIFT_STANDARD_LIBRARIES = YES;
				ASSETCATALOG_COMPILER_APPICON_NAME = AppIcon;
				CODE_SIGN_ENTITLEMENTS = IAM/IAM.entitlements;
				CODE_SIGN_STYLE = Automatic;
				COMBINE_HIDPI_IMAGES = YES;
				DEVELOPMENT_TEAM = 5FA5B56AXE;
				INFOPLIST_FILE = IAM/Info.plist;
				LD_RUNPATH_SEARCH_PATHS = "$(inherited) @executable_path/../Frameworks";
				PRODUCT_BUNDLE_IDENTIFIER = INFOnline.IAM;
				PRODUCT_NAME = "$(TARGET_NAME)";
				SWIFT_VERSION = 4.0;
			};
			name = Release;
		};
		5DF05FB720D9360B0036FFD5 /* Debug */ = {
			isa = XCBuildConfiguration;
			buildSettings = {
				ALWAYS_EMBED_SWIFT_STANDARD_LIBRARIES = YES;
				BUNDLE_LOADER = "$(TEST_HOST)";
				CODE_SIGN_STYLE = Automatic;
				COMBINE_HIDPI_IMAGES = YES;
				DEVELOPMENT_TEAM = 5FA5B56AXE;
				INFOPLIST_FILE = IAMTests/Info.plist;
				LD_RUNPATH_SEARCH_PATHS = "$(inherited) @executable_path/../Frameworks @loader_path/../Frameworks";
				PRODUCT_BUNDLE_IDENTIFIER = INFOnline.IAMTests;
				PRODUCT_NAME = "$(TARGET_NAME)";
				SWIFT_VERSION = 4.0;
				TEST_HOST = "$(BUILT_PRODUCTS_DIR)/IAM.app/Contents/MacOS/IAM";
			};
			name = Debug;
		};
		5DF05FB820D9360B0036FFD5 /* Release */ = {
			isa = XCBuildConfiguration;
			buildSettings = {
				ALWAYS_EMBED_SWIFT_STANDARD_LIBRARIES = YES;
				BUNDLE_LOADER = "$(TEST_HOST)";
				CODE_SIGN_STYLE = Automatic;
				COMBINE_HIDPI_IMAGES = YES;
				DEVELOPMENT_TEAM = 5FA5B56AXE;
				INFOPLIST_FILE = IAMTests/Info.plist;
				LD_RUNPATH_SEARCH_PATHS = "$(inherited) @executable_path/../Frameworks @loader_path/../Frameworks";
				PRODUCT_BUNDLE_IDENTIFIER = INFOnline.IAMTests;
				PRODUCT_NAME = "$(TARGET_NAME)";
				SWIFT_VERSION = 4.0;
				TEST_HOST = "$(BUILT_PRODUCTS_DIR)/IAM.app/Contents/MacOS/IAM";
			};
			name = Release;
		};
		5DF05FBA20D9360B0036FFD5 /* Debug */ = {
			isa = XCBuildConfiguration;
			buildSettings = {
				ALWAYS_EMBED_SWIFT_STANDARD_LIBRARIES = YES;
				CODE_SIGN_STYLE = Automatic;
				COMBINE_HIDPI_IMAGES = YES;
				DEVELOPMENT_TEAM = 5FA5B56AXE;
				INFOPLIST_FILE = IAMUITests/Info.plist;
				LD_RUNPATH_SEARCH_PATHS = "$(inherited) @executable_path/../Frameworks @loader_path/../Frameworks";
				PRODUCT_BUNDLE_IDENTIFIER = INFOnline.IAMUITests;
				PRODUCT_NAME = "$(TARGET_NAME)";
				SWIFT_VERSION = 4.0;
				TEST_TARGET_NAME = IAM;
			};
			name = Debug;
		};
		5DF05FBB20D9360B0036FFD5 /* Release */ = {
			isa = XCBuildConfiguration;
			buildSettings = {
				ALWAYS_EMBED_SWIFT_STANDARD_LIBRARIES = YES;
				CODE_SIGN_STYLE = Automatic;
				COMBINE_HIDPI_IMAGES = YES;
				DEVELOPMENT_TEAM = 5FA5B56AXE;
				INFOPLIST_FILE = IAMUITests/Info.plist;
				LD_RUNPATH_SEARCH_PATHS = "$(inherited) @executable_path/../Frameworks @loader_path/../Frameworks";
				PRODUCT_BUNDLE_IDENTIFIER = INFOnline.IAMUITests;
				PRODUCT_NAME = "$(TARGET_NAME)";
				SWIFT_VERSION = 4.0;
				TEST_TARGET_NAME = IAM;
			};
			name = Release;
		};
		5DF05FD620D936210036FFD5 /* Debug */ = {
			isa = XCBuildConfiguration;
			buildSettings = {
				ALWAYS_EMBED_SWIFT_STANDARD_LIBRARIES = YES;
				ASSETCATALOG_COMPILER_APPICON_NAME = AppIcon;
				CODE_SIGN_ENTITLEMENTS = IMAREX/IMAREX.entitlements;
				CODE_SIGN_STYLE = Automatic;
				DEVELOPMENT_TEAM = 5FA5B56AXE;
				INFOPLIST_FILE = IMAREX/Info.plist;
				LD_RUNPATH_SEARCH_PATHS = "$(inherited) @executable_path/../Frameworks @executable_path/../../../../Frameworks";
				ONLY_ACTIVE_ARCH = YES;
				PRODUCT_BUNDLE_IDENTIFIER = INFOnline.IAM.IMAREX;
				PRODUCT_NAME = "$(TARGET_NAME)";
				SKIP_INSTALL = YES;
				SWIFT_VERSION = 4.0;
			};
			name = Debug;
		};
		5DF05FD720D936210036FFD5 /* Release */ = {
			isa = XCBuildConfiguration;
			buildSettings = {
				ALWAYS_EMBED_SWIFT_STANDARD_LIBRARIES = YES;
				ASSETCATALOG_COMPILER_APPICON_NAME = AppIcon;
				CODE_SIGN_ENTITLEMENTS = IMAREX/IMAREX.entitlements;
				CODE_SIGN_STYLE = Automatic;
				DEVELOPMENT_TEAM = 5FA5B56AXE;
				INFOPLIST_FILE = IMAREX/Info.plist;
				LD_RUNPATH_SEARCH_PATHS = "$(inherited) @executable_path/../Frameworks @executable_path/../../../../Frameworks";
				ONLY_ACTIVE_ARCH = YES;
				PRODUCT_BUNDLE_IDENTIFIER = INFOnline.IAM.IMAREX;
				PRODUCT_NAME = "$(TARGET_NAME)";
				SKIP_INSTALL = YES;
				SWIFT_VERSION = 4.0;
			};
			name = Release;
		};
/* End XCBuildConfiguration section */

/* Begin XCConfigurationList section */
		5DF05F8820D9360B0036FFD5 /* Build configuration list for PBXProject "IAM" */ = {
			isa = XCConfigurationList;
			buildConfigurations = (
				5DF05FB120D9360B0036FFD5 /* Debug */,
				5DF05FB220D9360B0036FFD5 /* Release */,
			);
			defaultConfigurationIsVisible = 0;
			defaultConfigurationName = Release;
		};
		5DF05FB320D9360B0036FFD5 /* Build configuration list for PBXNativeTarget "IAM" */ = {
			isa = XCConfigurationList;
			buildConfigurations = (
				5DF05FB420D9360B0036FFD5 /* Debug */,
				5DF05FB520D9360B0036FFD5 /* Release */,
			);
			defaultConfigurationIsVisible = 0;
			defaultConfigurationName = Release;
		};
		5DF05FB620D9360B0036FFD5 /* Build configuration list for PBXNativeTarget "IAMTests" */ = {
			isa = XCConfigurationList;
			buildConfigurations = (
				5DF05FB720D9360B0036FFD5 /* Debug */,
				5DF05FB820D9360B0036FFD5 /* Release */,
			);
			defaultConfigurationIsVisible = 0;
			defaultConfigurationName = Release;
		};
		5DF05FB920D9360B0036FFD5 /* Build configuration list for PBXNativeTarget "IAMUITests" */ = {
			isa = XCConfigurationList;
			buildConfigurations = (
				5DF05FBA20D9360B0036FFD5 /* Debug */,
				5DF05FBB20D9360B0036FFD5 /* Release */,
			);
			defaultConfigurationIsVisible = 0;
			defaultConfigurationName = Release;
		};
		5DF05FD520D936210036FFD5 /* Build configuration list for PBXNativeTarget "IMAREX" */ = {
			isa = XCConfigurationList;
			buildConfigurations = (
				5DF05FD620D936210036FFD5 /* Debug */,
				5DF05FD720D936210036FFD5 /* Release */,
			);
			defaultConfigurationIsVisible = 0;
			defaultConfigurationName = Release;
		};
/* End XCConfigurationList section */
	};
	rootObject = 5DF05F8520D9360B0036FFD5 /* Project object */;
}
